// !$*UTF8*$!
{
	archiveVersion = 1;
	classes = {
	};
	objectVersion = 52;
	objects = {

/* Begin PBXBuildFile section */
		241762C3262D3E8200DA3DEE /* BigNumber in Frameworks */ = {isa = PBXBuildFile; productRef = 241762C2262D3E8200DA3DEE /* BigNumber */; };
		24B23553262D00A900AC8490 /* Base_ScannerApp.swift in Sources */ = {isa = PBXBuildFile; fileRef = 24B23552262D00A900AC8490 /* Base_ScannerApp.swift */; };
		24B23557262D00A900AC8490 /* Assets.xcassets in Resources */ = {isa = PBXBuildFile; fileRef = 24B23556262D00A900AC8490 /* Assets.xcassets */; };
		24B2355A262D00A900AC8490 /* Preview Assets.xcassets in Resources */ = {isa = PBXBuildFile; fileRef = 24B23559262D00A900AC8490 /* Preview Assets.xcassets */; };
		24B2355C262D00A900AC8490 /* Persistence.swift in Sources */ = {isa = PBXBuildFile; fileRef = 24B2355B262D00A900AC8490 /* Persistence.swift */; };
		24B2355F262D00A900AC8490 /* Base_Scanner.xcdatamodeld in Sources */ = {isa = PBXBuildFile; fileRef = 24B2355D262D00A900AC8490 /* Base_Scanner.xcdatamodeld */; };
		24B2356A262D00A900AC8490 /* Base_ScannerTests.swift in Sources */ = {isa = PBXBuildFile; fileRef = 24B23569262D00A900AC8490 /* Base_ScannerTests.swift */; };
		24B23575262D00A900AC8490 /* Base_ScannerUITests.swift in Sources */ = {isa = PBXBuildFile; fileRef = 24B23574262D00A900AC8490 /* Base_ScannerUITests.swift */; };
		24B23591262D014C00AC8490 /* MainView.swift in Sources */ = {isa = PBXBuildFile; fileRef = 24B23590262D014C00AC8490 /* MainView.swift */; };
		24B23596262D01E000AC8490 /* ScanDocumentView.swift in Sources */ = {isa = PBXBuildFile; fileRef = 24B23595262D01E000AC8490 /* ScanDocumentView.swift */; };
/* End PBXBuildFile section */

/* Begin PBXContainerItemProxy section */
		24B23566262D00A900AC8490 /* PBXContainerItemProxy */ = {
			isa = PBXContainerItemProxy;
			containerPortal = 24B23547262D00A900AC8490 /* Project object */;
			proxyType = 1;
			remoteGlobalIDString = 24B2354E262D00A900AC8490;
			remoteInfo = "Binary Scanner";
		};
		24B23571262D00A900AC8490 /* PBXContainerItemProxy */ = {
			isa = PBXContainerItemProxy;
			containerPortal = 24B23547262D00A900AC8490 /* Project object */;
			proxyType = 1;
			remoteGlobalIDString = 24B2354E262D00A900AC8490;
			remoteInfo = "Binary Scanner";
		};
/* End PBXContainerItemProxy section */

/* Begin PBXFileReference section */
		24B2354F262D00A900AC8490 /* Base Scanner.app */ = {isa = PBXFileReference; explicitFileType = wrapper.application; includeInIndex = 0; path = "Base Scanner.app"; sourceTree = BUILT_PRODUCTS_DIR; };
		24B23552262D00A900AC8490 /* Base_ScannerApp.swift */ = {isa = PBXFileReference; lastKnownFileType = sourcecode.swift; path = Base_ScannerApp.swift; sourceTree = "<group>"; };
		24B23556262D00A900AC8490 /* Assets.xcassets */ = {isa = PBXFileReference; lastKnownFileType = folder.assetcatalog; path = Assets.xcassets; sourceTree = "<group>"; };
		24B23559262D00A900AC8490 /* Preview Assets.xcassets */ = {isa = PBXFileReference; lastKnownFileType = folder.assetcatalog; path = "Preview Assets.xcassets"; sourceTree = "<group>"; };
		24B2355B262D00A900AC8490 /* Persistence.swift */ = {isa = PBXFileReference; lastKnownFileType = sourcecode.swift; path = Persistence.swift; sourceTree = "<group>"; };
		24B2355E262D00A900AC8490 /* Binary_Scanner.xcdatamodel */ = {isa = PBXFileReference; lastKnownFileType = wrapper.xcdatamodel; path = Binary_Scanner.xcdatamodel; sourceTree = "<group>"; };
		24B23560262D00A900AC8490 /* Info.plist */ = {isa = PBXFileReference; lastKnownFileType = text.plist.xml; path = Info.plist; sourceTree = "<group>"; };
		24B23565262D00A900AC8490 /* Base ScannerTests.xctest */ = {isa = PBXFileReference; explicitFileType = wrapper.cfbundle; includeInIndex = 0; path = "Base ScannerTests.xctest"; sourceTree = BUILT_PRODUCTS_DIR; };
		24B23569262D00A900AC8490 /* Base_ScannerTests.swift */ = {isa = PBXFileReference; lastKnownFileType = sourcecode.swift; path = Base_ScannerTests.swift; sourceTree = "<group>"; };
		24B2356B262D00A900AC8490 /* Info.plist */ = {isa = PBXFileReference; lastKnownFileType = text.plist.xml; path = Info.plist; sourceTree = "<group>"; };
		24B23570262D00A900AC8490 /* Base ScannerUITests.xctest */ = {isa = PBXFileReference; explicitFileType = wrapper.cfbundle; includeInIndex = 0; path = "Base ScannerUITests.xctest"; sourceTree = BUILT_PRODUCTS_DIR; };
		24B23574262D00A900AC8490 /* Base_ScannerUITests.swift */ = {isa = PBXFileReference; lastKnownFileType = sourcecode.swift; path = Base_ScannerUITests.swift; sourceTree = "<group>"; };
		24B23576262D00A900AC8490 /* Info.plist */ = {isa = PBXFileReference; lastKnownFileType = text.plist.xml; path = Info.plist; sourceTree = "<group>"; };
		24B23590262D014C00AC8490 /* MainView.swift */ = {isa = PBXFileReference; lastKnownFileType = sourcecode.swift; path = MainView.swift; sourceTree = "<group>"; };
		24B23595262D01E000AC8490 /* ScanDocumentView.swift */ = {isa = PBXFileReference; lastKnownFileType = sourcecode.swift; path = ScanDocumentView.swift; sourceTree = "<group>"; };
/* End PBXFileReference section */

/* Begin PBXFrameworksBuildPhase section */
		24B2354C262D00A900AC8490 /* Frameworks */ = {
			isa = PBXFrameworksBuildPhase;
			buildActionMask = 2147483647;
			files = (
				241762C3262D3E8200DA3DEE /* BigNumber in Frameworks */,
			);
			runOnlyForDeploymentPostprocessing = 0;
		};
		24B23562262D00A900AC8490 /* Frameworks */ = {
			isa = PBXFrameworksBuildPhase;
			buildActionMask = 2147483647;
			files = (
			);
			runOnlyForDeploymentPostprocessing = 0;
		};
		24B2356D262D00A900AC8490 /* Frameworks */ = {
			isa = PBXFrameworksBuildPhase;
			buildActionMask = 2147483647;
			files = (
			);
			runOnlyForDeploymentPostprocessing = 0;
		};
/* End PBXFrameworksBuildPhase section */

/* Begin PBXGroup section */
		24B23546262D00A900AC8490 = {
			isa = PBXGroup;
			children = (
				24B23551262D00A900AC8490 /* Base Scanner */,
				24B23568262D00A900AC8490 /* Base ScannerTests */,
				24B23573262D00A900AC8490 /* Base ScannerUITests */,
				24B23550262D00A900AC8490 /* Products */,
			);
			sourceTree = "<group>";
		};
		24B23550262D00A900AC8490 /* Products */ = {
			isa = PBXGroup;
			children = (
				24B2354F262D00A900AC8490 /* Base Scanner.app */,
				24B23565262D00A900AC8490 /* Base ScannerTests.xctest */,
				24B23570262D00A900AC8490 /* Base ScannerUITests.xctest */,
			);
			name = Products;
			sourceTree = "<group>";
		};
		24B23551262D00A900AC8490 /* Base Scanner */ = {
			isa = PBXGroup;
			children = (
				24B23552262D00A900AC8490 /* Base_ScannerApp.swift */,
				24B23590262D014C00AC8490 /* MainView.swift */,
				24B23595262D01E000AC8490 /* ScanDocumentView.swift */,
				24B23556262D00A900AC8490 /* Assets.xcassets */,
				24B2355B262D00A900AC8490 /* Persistence.swift */,
				24B23560262D00A900AC8490 /* Info.plist */,
				24B2355D262D00A900AC8490 /* Base_Scanner.xcdatamodeld */,
				24B23558262D00A900AC8490 /* Preview Content */,
			);
			path = "Base Scanner";
			sourceTree = "<group>";
		};
		24B23558262D00A900AC8490 /* Preview Content */ = {
			isa = PBXGroup;
			children = (
				24B23559262D00A900AC8490 /* Preview Assets.xcassets */,
			);
			path = "Preview Content";
			sourceTree = "<group>";
		};
		24B23568262D00A900AC8490 /* Base ScannerTests */ = {
			isa = PBXGroup;
			children = (
				24B23569262D00A900AC8490 /* Base_ScannerTests.swift */,
				24B2356B262D00A900AC8490 /* Info.plist */,
			);
			path = "Base ScannerTests";
			sourceTree = "<group>";
		};
		24B23573262D00A900AC8490 /* Base ScannerUITests */ = {
			isa = PBXGroup;
			children = (
				24B23574262D00A900AC8490 /* Base_ScannerUITests.swift */,
				24B23576262D00A900AC8490 /* Info.plist */,
			);
			path = "Base ScannerUITests";
			sourceTree = "<group>";
		};
/* End PBXGroup section */

/* Begin PBXNativeTarget section */
		24B2354E262D00A900AC8490 /* Base Scanner */ = {
			isa = PBXNativeTarget;
			buildConfigurationList = 24B23579262D00A900AC8490 /* Build configuration list for PBXNativeTarget "Base Scanner" */;
			buildPhases = (
				24B2354B262D00A900AC8490 /* Sources */,
				24B2354C262D00A900AC8490 /* Frameworks */,
				24B2354D262D00A900AC8490 /* Resources */,
			);
			buildRules = (
			);
			dependencies = (
			);
			name = "Base Scanner";
			packageProductDependencies = (
				241762C2262D3E8200DA3DEE /* BigNumber */,
			);
			productName = "Binary Scanner";
			productReference = 24B2354F262D00A900AC8490 /* Base Scanner.app */;
			productType = "com.apple.product-type.application";
		};
		24B23564262D00A900AC8490 /* Base ScannerTests */ = {
			isa = PBXNativeTarget;
			buildConfigurationList = 24B2357C262D00A900AC8490 /* Build configuration list for PBXNativeTarget "Base ScannerTests" */;
			buildPhases = (
				24B23561262D00A900AC8490 /* Sources */,
				24B23562262D00A900AC8490 /* Frameworks */,
				24B23563262D00A900AC8490 /* Resources */,
			);
			buildRules = (
			);
			dependencies = (
				24B23567262D00A900AC8490 /* PBXTargetDependency */,
			);
			name = "Base ScannerTests";
			productName = "Binary ScannerTests";
			productReference = 24B23565262D00A900AC8490 /* Base ScannerTests.xctest */;
			productType = "com.apple.product-type.bundle.unit-test";
		};
		24B2356F262D00A900AC8490 /* Base ScannerUITests */ = {
			isa = PBXNativeTarget;
			buildConfigurationList = 24B2357F262D00A900AC8490 /* Build configuration list for PBXNativeTarget "Base ScannerUITests" */;
			buildPhases = (
				24B2356C262D00A900AC8490 /* Sources */,
				24B2356D262D00A900AC8490 /* Frameworks */,
				24B2356E262D00A900AC8490 /* Resources */,
			);
			buildRules = (
			);
			dependencies = (
				24B23572262D00A900AC8490 /* PBXTargetDependency */,
			);
			name = "Base ScannerUITests";
			productName = "Binary ScannerUITests";
			productReference = 24B23570262D00A900AC8490 /* Base ScannerUITests.xctest */;
			productType = "com.apple.product-type.bundle.ui-testing";
		};
/* End PBXNativeTarget section */

/* Begin PBXProject section */
		24B23547262D00A900AC8490 /* Project object */ = {
			isa = PBXProject;
			attributes = {
				LastSwiftUpdateCheck = 1240;
				LastUpgradeCheck = 1240;
				TargetAttributes = {
					24B2354E262D00A900AC8490 = {
						CreatedOnToolsVersion = 12.4;
					};
					24B23564262D00A900AC8490 = {
						CreatedOnToolsVersion = 12.4;
						TestTargetID = 24B2354E262D00A900AC8490;
					};
					24B2356F262D00A900AC8490 = {
						CreatedOnToolsVersion = 12.4;
						TestTargetID = 24B2354E262D00A900AC8490;
					};
				};
			};
			buildConfigurationList = 24B2354A262D00A900AC8490 /* Build configuration list for PBXProject "Base Scanner" */;
			compatibilityVersion = "Xcode 9.3";
			developmentRegion = en;
			hasScannedForEncodings = 0;
			knownRegions = (
				en,
				Base,
			);
			mainGroup = 24B23546262D00A900AC8490;
			packageReferences = (
				241762C1262D3E8200DA3DEE /* XCRemoteSwiftPackageReference "Swift-BigInt" */,
			);
			productRefGroup = 24B23550262D00A900AC8490 /* Products */;
			projectDirPath = "";
			projectRoot = "";
			targets = (
				24B2354E262D00A900AC8490 /* Base Scanner */,
				24B23564262D00A900AC8490 /* Base ScannerTests */,
				24B2356F262D00A900AC8490 /* Base ScannerUITests */,
			);
		};
/* End PBXProject section */

/* Begin PBXResourcesBuildPhase section */
		24B2354D262D00A900AC8490 /* Resources */ = {
			isa = PBXResourcesBuildPhase;
			buildActionMask = 2147483647;
			files = (
				24B2355A262D00A900AC8490 /* Preview Assets.xcassets in Resources */,
				24B23557262D00A900AC8490 /* Assets.xcassets in Resources */,
			);
			runOnlyForDeploymentPostprocessing = 0;
		};
		24B23563262D00A900AC8490 /* Resources */ = {
			isa = PBXResourcesBuildPhase;
			buildActionMask = 2147483647;
			files = (
			);
			runOnlyForDeploymentPostprocessing = 0;
		};
		24B2356E262D00A900AC8490 /* Resources */ = {
			isa = PBXResourcesBuildPhase;
			buildActionMask = 2147483647;
			files = (
			);
			runOnlyForDeploymentPostprocessing = 0;
		};
/* End PBXResourcesBuildPhase section */

/* Begin PBXSourcesBuildPhase section */
		24B2354B262D00A900AC8490 /* Sources */ = {
			isa = PBXSourcesBuildPhase;
			buildActionMask = 2147483647;
			files = (
				24B2355C262D00A900AC8490 /* Persistence.swift in Sources */,
				24B23591262D014C00AC8490 /* MainView.swift in Sources */,
				24B2355F262D00A900AC8490 /* Base_Scanner.xcdatamodeld in Sources */,
				24B23596262D01E000AC8490 /* ScanDocumentView.swift in Sources */,
				24B23553262D00A900AC8490 /* Base_ScannerApp.swift in Sources */,
			);
			runOnlyForDeploymentPostprocessing = 0;
		};
		24B23561262D00A900AC8490 /* Sources */ = {
			isa = PBXSourcesBuildPhase;
			buildActionMask = 2147483647;
			files = (
				24B2356A262D00A900AC8490 /* Base_ScannerTests.swift in Sources */,
			);
			runOnlyForDeploymentPostprocessing = 0;
		};
		24B2356C262D00A900AC8490 /* Sources */ = {
			isa = PBXSourcesBuildPhase;
			buildActionMask = 2147483647;
			files = (
				24B23575262D00A900AC8490 /* Base_ScannerUITests.swift in Sources */,
			);
			runOnlyForDeploymentPostprocessing = 0;
		};
/* End PBXSourcesBuildPhase section */

/* Begin PBXTargetDependency section */
		24B23567262D00A900AC8490 /* PBXTargetDependency */ = {
			isa = PBXTargetDependency;
			target = 24B2354E262D00A900AC8490 /* Base Scanner */;
			targetProxy = 24B23566262D00A900AC8490 /* PBXContainerItemProxy */;
		};
		24B23572262D00A900AC8490 /* PBXTargetDependency */ = {
			isa = PBXTargetDependency;
			target = 24B2354E262D00A900AC8490 /* Base Scanner */;
			targetProxy = 24B23571262D00A900AC8490 /* PBXContainerItemProxy */;
		};
/* End PBXTargetDependency section */

/* Begin XCBuildConfiguration section */
		24B23577262D00A900AC8490 /* Debug */ = {
			isa = XCBuildConfiguration;
			buildSettings = {
				ALWAYS_SEARCH_USER_PATHS = NO;
				CLANG_ANALYZER_NONNULL = YES;
				CLANG_ANALYZER_NUMBER_OBJECT_CONVERSION = YES_AGGRESSIVE;
				CLANG_CXX_LANGUAGE_STANDARD = "gnu++14";
				CLANG_CXX_LIBRARY = "libc++";
				CLANG_ENABLE_MODULES = YES;
				CLANG_ENABLE_OBJC_ARC = YES;
				CLANG_ENABLE_OBJC_WEAK = YES;
				CLANG_WARN_BLOCK_CAPTURE_AUTORELEASING = YES;
				CLANG_WARN_BOOL_CONVERSION = YES;
				CLANG_WARN_COMMA = YES;
				CLANG_WARN_CONSTANT_CONVERSION = YES;
				CLANG_WARN_DEPRECATED_OBJC_IMPLEMENTATIONS = YES;
				CLANG_WARN_DIRECT_OBJC_ISA_USAGE = YES_ERROR;
				CLANG_WARN_DOCUMENTATION_COMMENTS = YES;
				CLANG_WARN_EMPTY_BODY = YES;
				CLANG_WARN_ENUM_CONVERSION = YES;
				CLANG_WARN_INFINITE_RECURSION = YES;
				CLANG_WARN_INT_CONVERSION = YES;
				CLANG_WARN_NON_LITERAL_NULL_CONVERSION = YES;
				CLANG_WARN_OBJC_IMPLICIT_RETAIN_SELF = YES;
				CLANG_WARN_OBJC_LITERAL_CONVERSION = YES;
				CLANG_WARN_OBJC_ROOT_CLASS = YES_ERROR;
				CLANG_WARN_QUOTED_INCLUDE_IN_FRAMEWORK_HEADER = YES;
				CLANG_WARN_RANGE_LOOP_ANALYSIS = YES;
				CLANG_WARN_STRICT_PROTOTYPES = YES;
				CLANG_WARN_SUSPICIOUS_MOVE = YES;
				CLANG_WARN_UNGUARDED_AVAILABILITY = YES_AGGRESSIVE;
				CLANG_WARN_UNREACHABLE_CODE = YES;
				CLANG_WARN__DUPLICATE_METHOD_MATCH = YES;
				COPY_PHASE_STRIP = NO;
				DEBUG_INFORMATION_FORMAT = dwarf;
				ENABLE_STRICT_OBJC_MSGSEND = YES;
				ENABLE_TESTABILITY = YES;
				GCC_C_LANGUAGE_STANDARD = gnu11;
				GCC_DYNAMIC_NO_PIC = NO;
				GCC_NO_COMMON_BLOCKS = YES;
				GCC_OPTIMIZATION_LEVEL = 0;
				GCC_PREPROCESSOR_DEFINITIONS = (
					"DEBUG=1",
					"$(inherited)",
				);
				GCC_WARN_64_TO_32_BIT_CONVERSION = YES;
				GCC_WARN_ABOUT_RETURN_TYPE = YES_ERROR;
				GCC_WARN_UNDECLARED_SELECTOR = YES;
				GCC_WARN_UNINITIALIZED_AUTOS = YES_AGGRESSIVE;
				GCC_WARN_UNUSED_FUNCTION = YES;
				GCC_WARN_UNUSED_VARIABLE = YES;
				IPHONEOS_DEPLOYMENT_TARGET = 14.4;
				MTL_ENABLE_DEBUG_INFO = INCLUDE_SOURCE;
				MTL_FAST_MATH = YES;
				ONLY_ACTIVE_ARCH = YES;
				SDKROOT = iphoneos;
				SWIFT_ACTIVE_COMPILATION_CONDITIONS = DEBUG;
				SWIFT_OPTIMIZATION_LEVEL = "-Onone";
			};
			name = Debug;
		};
		24B23578262D00A900AC8490 /* Release */ = {
			isa = XCBuildConfiguration;
			buildSettings = {
				ALWAYS_SEARCH_USER_PATHS = NO;
				CLANG_ANALYZER_NONNULL = YES;
				CLANG_ANALYZER_NUMBER_OBJECT_CONVERSION = YES_AGGRESSIVE;
				CLANG_CXX_LANGUAGE_STANDARD = "gnu++14";
				CLANG_CXX_LIBRARY = "libc++";
				CLANG_ENABLE_MODULES = YES;
				CLANG_ENABLE_OBJC_ARC = YES;
				CLANG_ENABLE_OBJC_WEAK = YES;
				CLANG_WARN_BLOCK_CAPTURE_AUTORELEASING = YES;
				CLANG_WARN_BOOL_CONVERSION = YES;
				CLANG_WARN_COMMA = YES;
				CLANG_WARN_CONSTANT_CONVERSION = YES;
				CLANG_WARN_DEPRECATED_OBJC_IMPLEMENTATIONS = YES;
				CLANG_WARN_DIRECT_OBJC_ISA_USAGE = YES_ERROR;
				CLANG_WARN_DOCUMENTATION_COMMENTS = YES;
				CLANG_WARN_EMPTY_BODY = YES;
				CLANG_WARN_ENUM_CONVERSION = YES;
				CLANG_WARN_INFINITE_RECURSION = YES;
				CLANG_WARN_INT_CONVERSION = YES;
				CLANG_WARN_NON_LITERAL_NULL_CONVERSION = YES;
				CLANG_WARN_OBJC_IMPLICIT_RETAIN_SELF = YES;
				CLANG_WARN_OBJC_LITERAL_CONVERSION = YES;
				CLANG_WARN_OBJC_ROOT_CLASS = YES_ERROR;
				CLANG_WARN_QUOTED_INCLUDE_IN_FRAMEWORK_HEADER = YES;
				CLANG_WARN_RANGE_LOOP_ANALYSIS = YES;
				CLANG_WARN_STRICT_PROTOTYPES = YES;
				CLANG_WARN_SUSPICIOUS_MOVE = YES;
				CLANG_WARN_UNGUARDED_AVAILABILITY = YES_AGGRESSIVE;
				CLANG_WARN_UNREACHABLE_CODE = YES;
				CLANG_WARN__DUPLICATE_METHOD_MATCH = YES;
				COPY_PHASE_STRIP = NO;
				DEBUG_INFORMATION_FORMAT = "dwarf-with-dsym";
				ENABLE_NS_ASSERTIONS = NO;
				ENABLE_STRICT_OBJC_MSGSEND = YES;
				GCC_C_LANGUAGE_STANDARD = gnu11;
				GCC_NO_COMMON_BLOCKS = YES;
				GCC_WARN_64_TO_32_BIT_CONVERSION = YES;
				GCC_WARN_ABOUT_RETURN_TYPE = YES_ERROR;
				GCC_WARN_UNDECLARED_SELECTOR = YES;
				GCC_WARN_UNINITIALIZED_AUTOS = YES_AGGRESSIVE;
				GCC_WARN_UNUSED_FUNCTION = YES;
				GCC_WARN_UNUSED_VARIABLE = YES;
				IPHONEOS_DEPLOYMENT_TARGET = 14.4;
				MTL_ENABLE_DEBUG_INFO = NO;
				MTL_FAST_MATH = YES;
				SDKROOT = iphoneos;
				SWIFT_COMPILATION_MODE = wholemodule;
				SWIFT_OPTIMIZATION_LEVEL = "-O";
				VALIDATE_PRODUCT = YES;
			};
			name = Release;
		};
		24B2357A262D00A900AC8490 /* Debug */ = {
			isa = XCBuildConfiguration;
			buildSettings = {
				ASSETCATALOG_COMPILER_APPICON_NAME = AppIcon;
				ASSETCATALOG_COMPILER_GLOBAL_ACCENT_COLOR_NAME = AccentColor;
				CODE_SIGN_STYLE = Automatic;
				DEVELOPMENT_ASSET_PATHS = "\"Base Scanner/Preview Content\"";
				DEVELOPMENT_TEAM = MBQ2JLQD83;
				ENABLE_PREVIEWS = YES;
				INFOPLIST_FILE = "Base Scanner/Info.plist";
				IPHONEOS_DEPLOYMENT_TARGET = 14.0;
				LD_RUNPATH_SEARCH_PATHS = (
					"$(inherited)",
					"@executable_path/Frameworks",
				);
				PRODUCT_BUNDLE_IDENTIFIER = com.mettaworldj.BaseScanner;
				PRODUCT_NAME = "$(TARGET_NAME)";
				SWIFT_VERSION = 5.0;
				TARGETED_DEVICE_FAMILY = "1,2";
			};
			name = Debug;
		};
		24B2357B262D00A900AC8490 /* Release */ = {
			isa = XCBuildConfiguration;
			buildSettings = {
				ASSETCATALOG_COMPILER_APPICON_NAME = AppIcon;
				ASSETCATALOG_COMPILER_GLOBAL_ACCENT_COLOR_NAME = AccentColor;
				CODE_SIGN_STYLE = Automatic;
				DEVELOPMENT_ASSET_PATHS = "\"Base Scanner/Preview Content\"";
				DEVELOPMENT_TEAM = MBQ2JLQD83;
				ENABLE_PREVIEWS = YES;
				INFOPLIST_FILE = "Base Scanner/Info.plist";
				IPHONEOS_DEPLOYMENT_TARGET = 14.0;
				LD_RUNPATH_SEARCH_PATHS = (
					"$(inherited)",
					"@executable_path/Frameworks",
				);
				PRODUCT_BUNDLE_IDENTIFIER = com.mettaworldj.BaseScanner;
				PRODUCT_NAME = "$(TARGET_NAME)";
				SWIFT_VERSION = 5.0;
				TARGETED_DEVICE_FAMILY = "1,2";
			};
			name = Release;
		};
		24B2357D262D00A900AC8490 /* Debug */ = {
			isa = XCBuildConfiguration;
			buildSettings = {
				ALWAYS_EMBED_SWIFT_STANDARD_LIBRARIES = YES;
				BUNDLE_LOADER = "$(TEST_HOST)";
				CODE_SIGN_STYLE = Automatic;
				DEVELOPMENT_TEAM = MBQ2JLQD83;
				INFOPLIST_FILE = "Binary ScannerTests/Info.plist";
				IPHONEOS_DEPLOYMENT_TARGET = 14.0;
				LD_RUNPATH_SEARCH_PATHS = (
					"$(inherited)",
					"@executable_path/Frameworks",
					"@loader_path/Frameworks",
				);
				PRODUCT_BUNDLE_IDENTIFIER = "com.mettaworldj.Binary-ScannerTests";
				PRODUCT_NAME = "$(TARGET_NAME)";
				SWIFT_VERSION = 5.0;
				TARGETED_DEVICE_FAMILY = "1,2";
				TEST_HOST = "$(BUILT_PRODUCTS_DIR)/Base Scanner.app/Base Scanner";
			};
			name = Debug;
		};
		24B2357E262D00A900AC8490 /* Release */ = {
			isa = XCBuildConfiguration;
			buildSettings = {
				ALWAYS_EMBED_SWIFT_STANDARD_LIBRARIES = YES;
				BUNDLE_LOADER = "$(TEST_HOST)";
				CODE_SIGN_STYLE = Automatic;
				DEVELOPMENT_TEAM = MBQ2JLQD83;
				INFOPLIST_FILE = "Binary ScannerTests/Info.plist";
				IPHONEOS_DEPLOYMENT_TARGET = 14.0;
				LD_RUNPATH_SEARCH_PATHS = (
					"$(inherited)",
					"@executable_path/Frameworks",
					"@loader_path/Frameworks",
				);
				PRODUCT_BUNDLE_IDENTIFIER = "com.mettaworldj.Binary-ScannerTests";
				PRODUCT_NAME = "$(TARGET_NAME)";
				SWIFT_VERSION = 5.0;
				TARGETED_DEVICE_FAMILY = "1,2";
				TEST_HOST = "$(BUILT_PRODUCTS_DIR)/Base Scanner.app/Base Scanner";
			};
			name = Release;
		};
		24B23580262D00A900AC8490 /* Debug */ = {
			isa = XCBuildConfiguration;
			buildSettings = {
				ALWAYS_EMBED_SWIFT_STANDARD_LIBRARIES = YES;
				CODE_SIGN_STYLE = Automatic;
				DEVELOPMENT_TEAM = MBQ2JLQD83;
				INFOPLIST_FILE = "Binary ScannerUITests/Info.plist";
				LD_RUNPATH_SEARCH_PATHS = (
					"$(inherited)",
					"@executable_path/Frameworks",
					"@loader_path/Frameworks",
				);
				PRODUCT_BUNDLE_IDENTIFIER = "com.mettaworldj.Binary-ScannerUITests";
				PRODUCT_NAME = "$(TARGET_NAME)";
				SWIFT_VERSION = 5.0;
				TARGETED_DEVICE_FAMILY = "1,2";
				TEST_TARGET_NAME = "Binary Scanner";
			};
			name = Debug;
		};
		24B23581262D00A900AC8490 /* Release */ = {
			isa = XCBuildConfiguration;
			buildSettings = {
				ALWAYS_EMBED_SWIFT_STANDARD_LIBRARIES = YES;
				CODE_SIGN_STYLE = Automatic;
				DEVELOPMENT_TEAM = MBQ2JLQD83;
				INFOPLIST_FILE = "Binary ScannerUITests/Info.plist";
				LD_RUNPATH_SEARCH_PATHS = (
					"$(inherited)",
					"@executable_path/Frameworks",
					"@loader_path/Frameworks",
				);
				PRODUCT_BUNDLE_IDENTIFIER = "com.mettaworldj.Binary-ScannerUITests";
				PRODUCT_NAME = "$(TARGET_NAME)";
				SWIFT_VERSION = 5.0;
				TARGETED_DEVICE_FAMILY = "1,2";
				TEST_TARGET_NAME = "Binary Scanner";
			};
			name = Release;
		};
/* End XCBuildConfiguration section */

/* Begin XCConfigurationList section */
		24B2354A262D00A900AC8490 /* Build configuration list for PBXProject "Base Scanner" */ = {
			isa = XCConfigurationList;
			buildConfigurations = (
				24B23577262D00A900AC8490 /* Debug */,
				24B23578262D00A900AC8490 /* Release */,
			);
			defaultConfigurationIsVisible = 0;
			defaultConfigurationName = Release;
		};
		24B23579262D00A900AC8490 /* Build configuration list for PBXNativeTarget "Base Scanner" */ = {
			isa = XCConfigurationList;
			buildConfigurations = (
				24B2357A262D00A900AC8490 /* Debug */,
				24B2357B262D00A900AC8490 /* Release */,
			);
			defaultConfigurationIsVisible = 0;
			defaultConfigurationName = Release;
		};
		24B2357C262D00A900AC8490 /* Build configuration list for PBXNativeTarget "Base ScannerTests" */ = {
			isa = XCConfigurationList;
			buildConfigurations = (
				24B2357D262D00A900AC8490 /* Debug */,
				24B2357E262D00A900AC8490 /* Release */,
			);
			defaultConfigurationIsVisible = 0;
			defaultConfigurationName = Release;
		};
		24B2357F262D00A900AC8490 /* Build configuration list for PBXNativeTarget "Base ScannerUITests" */ = {
			isa = XCConfigurationList;
			buildConfigurations = (
				24B23580262D00A900AC8490 /* Debug */,
				24B23581262D00A900AC8490 /* Release */,
			);
			defaultConfigurationIsVisible = 0;
			defaultConfigurationName = Release;
		};
/* End XCConfigurationList section */

/* Begin XCRemoteSwiftPackageReference section */
		241762C1262D3E8200DA3DEE /* XCRemoteSwiftPackageReference "Swift-BigInt" */ = {
			isa = XCRemoteSwiftPackageReference;
			repositoryURL = "https://github.com/mkrd/Swift-BigInt.git";
			requirement = {
				kind = upToNextMajorVersion;
				minimumVersion = 2.1.1;
			};
		};
/* End XCRemoteSwiftPackageReference section */

/* Begin XCSwiftPackageProductDependency section */
		241762C2262D3E8200DA3DEE /* BigNumber */ = {
			isa = XCSwiftPackageProductDependency;
			package = 241762C1262D3E8200DA3DEE /* XCRemoteSwiftPackageReference "Swift-BigInt" */;
			productName = BigNumber;
		};
/* End XCSwiftPackageProductDependency section */

/* Begin XCVersionGroup section */
		24B2355D262D00A900AC8490 /* Base_Scanner.xcdatamodeld */ = {
			isa = XCVersionGroup;
			children = (
				24B2355E262D00A900AC8490 /* Binary_Scanner.xcdatamodel */,
			);
			currentVersion = 24B2355E262D00A900AC8490 /* Binary_Scanner.xcdatamodel */;
			path = Base_Scanner.xcdatamodeld;
			sourceTree = "<group>";
			versionGroupType = wrapper.xcdatamodel;
		};
/* End XCVersionGroup section */
	};
	rootObject = 24B23547262D00A900AC8490 /* Project object */;
}
